// !$*UTF8*$!
{
	archiveVersion = 1;
	classes = {
	};
	objectVersion = 50;
	objects = {

/* Begin PBXBuildFile section */
		AEB5563C2188C732003ACC90 /* AppDelegate.swift in Sources */ = {isa = PBXBuildFile; fileRef = AEB5563B2188C732003ACC90 /* AppDelegate.swift */; };
		AEB5563E2188C732003ACC90 /* ViewController.swift in Sources */ = {isa = PBXBuildFile; fileRef = AEB5563D2188C732003ACC90 /* ViewController.swift */; };
		AEB556412188C732003ACC90 /* Main.storyboard in Resources */ = {isa = PBXBuildFile; fileRef = AEB5563F2188C732003ACC90 /* Main.storyboard */; };
		AEB556432188C734003ACC90 /* Assets.xcassets in Resources */ = {isa = PBXBuildFile; fileRef = AEB556422188C734003ACC90 /* Assets.xcassets */; };
		AEB556462188C734003ACC90 /* LaunchScreen.storyboard in Resources */ = {isa = PBXBuildFile; fileRef = AEB556442188C734003ACC90 /* LaunchScreen.storyboard */; };
		AEB556512188C734003ACC90 /* alertTests.swift in Sources */ = {isa = PBXBuildFile; fileRef = AEB556502188C734003ACC90 /* alertTests.swift */; };
		AEB5565C2188C734003ACC90 /* alertUITests.swift in Sources */ = {isa = PBXBuildFile; fileRef = AEB5565B2188C734003ACC90 /* alertUITests.swift */; };
		AEB5566A2188D037003ACC90 /* ViewController2.swift in Sources */ = {isa = PBXBuildFile; fileRef = AEB556692188D037003ACC90 /* ViewController2.swift */; };
/* End PBXBuildFile section */

/* Begin PBXContainerItemProxy section */
		AEB5564D2188C734003ACC90 /* PBXContainerItemProxy */ = {
			isa = PBXContainerItemProxy;
			containerPortal = AEB556302188C732003ACC90 /* Project object */;
			proxyType = 1;
			remoteGlobalIDString = AEB556372188C732003ACC90;
			remoteInfo = alert;
		};
		AEB556582188C734003ACC90 /* PBXContainerItemProxy */ = {
			isa = PBXContainerItemProxy;
			containerPortal = AEB556302188C732003ACC90 /* Project object */;
			proxyType = 1;
			remoteGlobalIDString = AEB556372188C732003ACC90;
			remoteInfo = alert;
		};
/* End PBXContainerItemProxy section */

/* Begin PBXFileReference section */
		AEB556382188C732003ACC90 /* alert.app */ = {isa = PBXFileReference; explicitFileType = wrapper.application; includeInIndex = 0; path = alert.app; sourceTree = BUILT_PRODUCTS_DIR; };
		AEB5563B2188C732003ACC90 /* AppDelegate.swift */ = {isa = PBXFileReference; lastKnownFileType = sourcecode.swift; path = AppDelegate.swift; sourceTree = "<group>"; };
		AEB5563D2188C732003ACC90 /* ViewController.swift */ = {isa = PBXFileReference; lastKnownFileType = sourcecode.swift; path = ViewController.swift; sourceTree = "<group>"; };
		AEB556402188C732003ACC90 /* Base */ = {isa = PBXFileReference; lastKnownFileType = file.storyboard; name = Base; path = Base.lproj/Main.storyboard; sourceTree = "<group>"; };
		AEB556422188C734003ACC90 /* Assets.xcassets */ = {isa = PBXFileReference; lastKnownFileType = folder.assetcatalog; path = Assets.xcassets; sourceTree = "<group>"; };
		AEB556452188C734003ACC90 /* Base */ = {isa = PBXFileReference; lastKnownFileType = file.storyboard; name = Base; path = Base.lproj/LaunchScreen.storyboard; sourceTree = "<group>"; };
		AEB556472188C734003ACC90 /* Info.plist */ = {isa = PBXFileReference; lastKnownFileType = text.plist.xml; path = Info.plist; sourceTree = "<group>"; };
		AEB5564C2188C734003ACC90 /* alertTests.xctest */ = {isa = PBXFileReference; explicitFileType = wrapper.cfbundle; includeInIndex = 0; path = alertTests.xctest; sourceTree = BUILT_PRODUCTS_DIR; };
		AEB556502188C734003ACC90 /* alertTests.swift */ = {isa = PBXFileReference; lastKnownFileType = sourcecode.swift; path = alertTests.swift; sourceTree = "<group>"; };
		AEB556522188C734003ACC90 /* Info.plist */ = {isa = PBXFileReference; lastKnownFileType = text.plist.xml; path = Info.plist; sourceTree = "<group>"; };
		AEB556572188C734003ACC90 /* alertUITests.xctest */ = {isa = PBXFileReference; explicitFileType = wrapper.cfbundle; includeInIndex = 0; path = alertUITests.xctest; sourceTree = BUILT_PRODUCTS_DIR; };
		AEB5565B2188C734003ACC90 /* alertUITests.swift */ = {isa = PBXFileReference; lastKnownFileType = sourcecode.swift; path = alertUITests.swift; sourceTree = "<group>"; };
		AEB5565D2188C734003ACC90 /* Info.plist */ = {isa = PBXFileReference; lastKnownFileType = text.plist.xml; path = Info.plist; sourceTree = "<group>"; };
		AEB556692188D037003ACC90 /* ViewController2.swift */ = {isa = PBXFileReference; lastKnownFileType = sourcecode.swift; path = ViewController2.swift; sourceTree = "<group>"; };
/* End PBXFileReference section */

/* Begin PBXFrameworksBuildPhase section */
		AEB556352188C732003ACC90 /* Frameworks */ = {
			isa = PBXFrameworksBuildPhase;
			buildActionMask = 2147483647;
			files = (
			);
			runOnlyForDeploymentPostprocessing = 0;
		};
		AEB556492188C734003ACC90 /* Frameworks */ = {
			isa = PBXFrameworksBuildPhase;
			buildActionMask = 2147483647;
			files = (
			);
			runOnlyForDeploymentPostprocessing = 0;
		};
		AEB556542188C734003ACC90 /* Frameworks */ = {
			isa = PBXFrameworksBuildPhase;
			buildActionMask = 2147483647;
			files = (
			);
			runOnlyForDeploymentPostprocessing = 0;
		};
/* End PBXFrameworksBuildPhase section */

/* Begin PBXGroup section */
		AEB5562F2188C732003ACC90 = {
			isa = PBXGroup;
			children = (
				AEB5563A2188C732003ACC90 /* alert */,
				AEB5564F2188C734003ACC90 /* alertTests */,
				AEB5565A2188C734003ACC90 /* alertUITests */,
				AEB556392188C732003ACC90 /* Products */,
			);
			sourceTree = "<group>";
		};
		AEB556392188C732003ACC90 /* Products */ = {
			isa = PBXGroup;
			children = (
				AEB556382188C732003ACC90 /* alert.app */,
				AEB5564C2188C734003ACC90 /* alertTests.xctest */,
				AEB556572188C734003ACC90 /* alertUITests.xctest */,
			);
			name = Products;
			sourceTree = "<group>";
		};
		AEB5563A2188C732003ACC90 /* alert */ = {
			isa = PBXGroup;
			children = (
				AEB5563B2188C732003ACC90 /* AppDelegate.swift */,
				AEB5563D2188C732003ACC90 /* ViewController.swift */,
				AEB5563F2188C732003ACC90 /* Main.storyboard */,
				AEB556422188C734003ACC90 /* Assets.xcassets */,
				AEB556442188C734003ACC90 /* LaunchScreen.storyboard */,
				AEB556472188C734003ACC90 /* Info.plist */,
				AEB556692188D037003ACC90 /* ViewController2.swift */,
			);
			path = alert;
			sourceTree = "<group>";
		};
		AEB5564F2188C734003ACC90 /* alertTests */ = {
			isa = PBXGroup;
			children = (
				AEB556502188C734003ACC90 /* alertTests.swift */,
				AEB556522188C734003ACC90 /* Info.plist */,
			);
			path = alertTests;
			sourceTree = "<group>";
		};
		AEB5565A2188C734003ACC90 /* alertUITests */ = {
			isa = PBXGroup;
			children = (
				AEB5565B2188C734003ACC90 /* alertUITests.swift */,
				AEB5565D2188C734003ACC90 /* Info.plist */,
			);
			path = alertUITests;
			sourceTree = "<group>";
		};
/* End PBXGroup section */

/* Begin PBXNativeTarget section */
		AEB556372188C732003ACC90 /* alert */ = {
			isa = PBXNativeTarget;
			buildConfigurationList = AEB556602188C734003ACC90 /* Build configuration list for PBXNativeTarget "alert" */;
			buildPhases = (
				AEB556342188C732003ACC90 /* Sources */,
				AEB556352188C732003ACC90 /* Frameworks */,
				AEB556362188C732003ACC90 /* Resources */,
			);
			buildRules = (
			);
			dependencies = (
			);
			name = alert;
			productName = alert;
			productReference = AEB556382188C732003ACC90 /* alert.app */;
			productType = "com.apple.product-type.application";
		};
		AEB5564B2188C734003ACC90 /* alertTests */ = {
			isa = PBXNativeTarget;
			buildConfigurationList = AEB556632188C734003ACC90 /* Build configuration list for PBXNativeTarget "alertTests" */;
			buildPhases = (
				AEB556482188C734003ACC90 /* Sources */,
				AEB556492188C734003ACC90 /* Frameworks */,
				AEB5564A2188C734003ACC90 /* Resources */,
			);
			buildRules = (
			);
			dependencies = (
				AEB5564E2188C734003ACC90 /* PBXTargetDependency */,
			);
			name = alertTests;
			productName = alertTests;
			productReference = AEB5564C2188C734003ACC90 /* alertTests.xctest */;
			productType = "com.apple.product-type.bundle.unit-test";
		};
		AEB556562188C734003ACC90 /* alertUITests */ = {
			isa = PBXNativeTarget;
			buildConfigurationList = AEB556662188C734003ACC90 /* Build configuration list for PBXNativeTarget "alertUITests" */;
			buildPhases = (
				AEB556532188C734003ACC90 /* Sources */,
				AEB556542188C734003ACC90 /* Frameworks */,
				AEB556552188C734003ACC90 /* Resources */,
			);
			buildRules = (
			);
			dependencies = (
				AEB556592188C734003ACC90 /* PBXTargetDependency */,
			);
			name = alertUITests;
			productName = alertUITests;
			productReference = AEB556572188C734003ACC90 /* alertUITests.xctest */;
			productType = "com.apple.product-type.bundle.ui-testing";
		};
/* End PBXNativeTarget section */

/* Begin PBXProject section */
		AEB556302188C732003ACC90 /* Project object */ = {
			isa = PBXProject;
			attributes = {
				LastSwiftUpdateCheck = 0940;
				LastUpgradeCheck = 0940;
				ORGANIZATIONNAME = XCode;
				TargetAttributes = {
					AEB556372188C732003ACC90 = {
						CreatedOnToolsVersion = 9.4.1;
					};
					AEB5564B2188C734003ACC90 = {
						CreatedOnToolsVersion = 9.4.1;
						TestTargetID = AEB556372188C732003ACC90;
					};
					AEB556562188C734003ACC90 = {
						CreatedOnToolsVersion = 9.4.1;
						TestTargetID = AEB556372188C732003ACC90;
					};
				};
			};
			buildConfigurationList = AEB556332188C732003ACC90 /* Build configuration list for PBXProject "alert" */;
			compatibilityVersion = "Xcode 9.3";
			developmentRegion = en;
			hasScannedForEncodings = 0;
			knownRegions = (
				en,
				Base,
			);
			mainGroup = AEB5562F2188C732003ACC90;
			productRefGroup = AEB556392188C732003ACC90 /* Products */;
			projectDirPath = "";
			projectRoot = "";
			targets = (
				AEB556372188C732003ACC90 /* alert */,
				AEB5564B2188C734003ACC90 /* alertTests */,
				AEB556562188C734003ACC90 /* alertUITests */,
			);
		};
/* End PBXProject section */

/* Begin PBXResourcesBuildPhase section */
		AEB556362188C732003ACC90 /* Resources */ = {
			isa = PBXResourcesBuildPhase;
			buildActionMask = 2147483647;
			files = (
				AEB556462188C734003ACC90 /* LaunchScreen.storyboard in Resources */,
				AEB556432188C734003ACC90 /* Assets.xcassets in Resources */,
				AEB556412188C732003ACC90 /* Main.storyboard in Resources */,
			);
			runOnlyForDeploymentPostprocessing = 0;
		};
		AEB5564A2188C734003ACC90 /* Resources */ = {
			isa = PBXResourcesBuildPhase;
			buildActionMask = 2147483647;
			files = (
			);
			runOnlyForDeploymentPostprocessing = 0;
		};
		AEB556552188C734003ACC90 /* Resources */ = {
			isa = PBXResourcesBuildPhase;
			buildActionMask = 2147483647;
			files = (
			);
			runOnlyForDeploymentPostprocessing = 0;
		};
/* End PBXResourcesBuildPhase section */

/* Begin PBXSourcesBuildPhase section */
		AEB556342188C732003ACC90 /* Sources */ = {
			isa = PBXSourcesBuildPhase;
			buildActionMask = 2147483647;
			files = (
				AEB5563E2188C732003ACC90 /* ViewController.swift in Sources */,
				AEB5563C2188C732003ACC90 /* AppDelegate.swift in Sources */,
				AEB5566A2188D037003ACC90 /* ViewController2.swift in Sources */,
			);
			runOnlyForDeploymentPostprocessing = 0;
		};
		AEB556482188C734003ACC90 /* Sources */ = {
			isa = PBXSourcesBuildPhase;
			buildActionMask = 2147483647;
			files = (
				AEB556512188C734003ACC90 /* alertTests.swift in Sources */,
			);
			runOnlyForDeploymentPostprocessing = 0;
		};
		AEB556532188C734003ACC90 /* Sources */ = {
			isa = PBXSourcesBuildPhase;
			buildActionMask = 2147483647;
			files = (
				AEB5565C2188C734003ACC90 /* alertUITests.swift in Sources */,
			);
			runOnlyForDeploymentPostprocessing = 0;
		};
/* End PBXSourcesBuildPhase section */

/* Begin PBXTargetDependency section */
		AEB5564E2188C734003ACC90 /* PBXTargetDependency */ = {
			isa = PBXTargetDependency;
			target = AEB556372188C732003ACC90 /* alert */;
			targetProxy = AEB5564D2188C734003ACC90 /* PBXContainerItemProxy */;
		};
		AEB556592188C734003ACC90 /* PBXTargetDependency */ = {
			isa = PBXTargetDependency;
			target = AEB556372188C732003ACC90 /* alert */;
			targetProxy = AEB556582188C734003ACC90 /* PBXContainerItemProxy */;
		};
/* End PBXTargetDependency section */

/* Begin PBXVariantGroup section */
		AEB5563F2188C732003ACC90 /* Main.storyboard */ = {
			isa = PBXVariantGroup;
			children = (
				AEB556402188C732003ACC90 /* Base */,
			);
			name = Main.storyboard;
			sourceTree = "<group>";
		};
		AEB556442188C734003ACC90 /* LaunchScreen.storyboard */ = {
			isa = PBXVariantGroup;
			children = (
				AEB556452188C734003ACC90 /* Base */,
			);
			name = LaunchScreen.storyboard;
			sourceTree = "<group>";
		};
/* End PBXVariantGroup section */

/* Begin XCBuildConfiguration section */
		AEB5565E2188C734003ACC90 /* Debug */ = {
			isa = XCBuildConfiguration;
			buildSettings = {
				ALWAYS_SEARCH_USER_PATHS = NO;
				CLANG_ANALYZER_NONNULL = YES;
				CLANG_ANALYZER_NUMBER_OBJECT_CONVERSION = YES_AGGRESSIVE;
				CLANG_CXX_LANGUAGE_STANDARD = "gnu++14";
				CLANG_CXX_LIBRARY = "libc++";
				CLANG_ENABLE_MODULES = YES;
				CLANG_ENABLE_OBJC_ARC = YES;
				CLANG_ENABLE_OBJC_WEAK = YES;
				CLANG_WARN_BLOCK_CAPTURE_AUTORELEASING = YES;
				CLANG_WARN_BOOL_CONVERSION = YES;
				CLANG_WARN_COMMA = YES;
				CLANG_WARN_CONSTANT_CONVERSION = YES;
				CLANG_WARN_DEPRECATED_OBJC_IMPLEMENTATIONS = YES;
				CLANG_WARN_DIRECT_OBJC_ISA_USAGE = YES_ERROR;
				CLANG_WARN_DOCUMENTATION_COMMENTS = YES;
				CLANG_WARN_EMPTY_BODY = YES;
				CLANG_WARN_ENUM_CONVERSION = YES;
				CLANG_WARN_INFINITE_RECURSION = YES;
				CLANG_WARN_INT_CONVERSION = YES;
				CLANG_WARN_NON_LITERAL_NULL_CONVERSION = YES;
				CLANG_WARN_OBJC_IMPLICIT_RETAIN_SELF = YES;
				CLANG_WARN_OBJC_LITERAL_CONVERSION = YES;
				CLANG_WARN_OBJC_ROOT_CLASS = YES_ERROR;
				CLANG_WARN_RANGE_LOOP_ANALYSIS = YES;
				CLANG_WARN_STRICT_PROTOTYPES = YES;
				CLANG_WARN_SUSPICIOUS_MOVE = YES;
				CLANG_WARN_UNGUARDED_AVAILABILITY = YES_AGGRESSIVE;
				CLANG_WARN_UNREACHABLE_CODE = YES;
				CLANG_WARN__DUPLICATE_METHOD_MATCH = YES;
				CODE_SIGN_IDENTITY = "iPhone Developer";
				COPY_PHASE_STRIP = NO;
				DEBUG_INFORMATION_FORMAT = dwarf;
				ENABLE_STRICT_OBJC_MSGSEND = YES;
				ENABLE_TESTABILITY = YES;
				GCC_C_LANGUAGE_STANDARD = gnu11;
				GCC_DYNAMIC_NO_PIC = NO;
				GCC_NO_COMMON_BLOCKS = YES;
				GCC_OPTIMIZATION_LEVEL = 0;
				GCC_PREPROCESSOR_DEFINITIONS = (
					"DEBUG=1",
					"$(inherited)",
				);
				GCC_WARN_64_TO_32_BIT_CONVERSION = YES;
				GCC_WARN_ABOUT_RETURN_TYPE = YES_ERROR;
				GCC_WARN_UNDECLARED_SELECTOR = YES;
				GCC_WARN_UNINITIALIZED_AUTOS = YES_AGGRESSIVE;
				GCC_WARN_UNUSED_FUNCTION = YES;
				GCC_WARN_UNUSED_VARIABLE = YES;
				IPHONEOS_DEPLOYMENT_TARGET = 11.4;
				MTL_ENABLE_DEBUG_INFO = YES;
				ONLY_ACTIVE_ARCH = YES;
				SDKROOT = iphoneos;
				SWIFT_ACTIVE_COMPILATION_CONDITIONS = DEBUG;
				SWIFT_OPTIMIZATION_LEVEL = "-Onone";
			};
			name = Debug;
		};
		AEB5565F2188C734003ACC90 /* Release */ = {
			isa = XCBuildConfiguration;
			buildSettings = {
				ALWAYS_SEARCH_USER_PATHS = NO;
				CLANG_ANALYZER_NONNULL = YES;
				CLANG_ANALYZER_NUMBER_OBJECT_CONVERSION = YES_AGGRESSIVE;
				CLANG_CXX_LANGUAGE_STANDARD = "gnu++14";
				CLANG_CXX_LIBRARY = "libc++";
				CLANG_ENABLE_MODULES = YES;
				CLANG_ENABLE_OBJC_ARC = YES;
				CLANG_ENABLE_OBJC_WEAK = YES;
				CLANG_WARN_BLOCK_CAPTURE_AUTORELEASING = YES;
				CLANG_WARN_BOOL_CONVERSION = YES;
				CLANG_WARN_COMMA = YES;
				CLANG_WARN_CONSTANT_CONVERSION = YES;
				CLANG_WARN_DEPRECATED_OBJC_IMPLEMENTATIONS = YES;
				CLANG_WARN_DIRECT_OBJC_ISA_USAGE = YES_ERROR;
				CLANG_WARN_DOCUMENTATION_COMMENTS = YES;
				CLANG_WARN_EMPTY_BODY = YES;
				CLANG_WARN_ENUM_CONVERSION = YES;
				CLANG_WARN_INFINITE_RECURSION = YES;
				CLANG_WARN_INT_CONVERSION = YES;
				CLANG_WARN_NON_LITERAL_NULL_CONVERSION = YES;
				CLANG_WARN_OBJC_IMPLICIT_RETAIN_SELF = YES;
				CLANG_WARN_OBJC_LITERAL_CONVERSION = YES;
				CLANG_WARN_OBJC_ROOT_CLASS = YES_ERROR;
				CLANG_WARN_RANGE_LOOP_ANALYSIS = YES;
				CLANG_WARN_STRICT_PROTOTYPES = YES;
				CLANG_WARN_SUSPICIOUS_MOVE = YES;
				CLANG_WARN_UNGUARDED_AVAILABILITY = YES_AGGRESSIVE;
				CLANG_WARN_UNREACHABLE_CODE = YES;
				CLANG_WARN__DUPLICATE_METHOD_MATCH = YES;
				CODE_SIGN_IDENTITY = "iPhone Developer";
				COPY_PHASE_STRIP = NO;
				DEBUG_INFORMATION_FORMAT = "dwarf-with-dsym";
				ENABLE_NS_ASSERTIONS = NO;
				ENABLE_STRICT_OBJC_MSGSEND = YES;
				GCC_C_LANGUAGE_STANDARD = gnu11;
				GCC_NO_COMMON_BLOCKS = YES;
				GCC_WARN_64_TO_32_BIT_CONVERSION = YES;
				GCC_WARN_ABOUT_RETURN_TYPE = YES_ERROR;
				GCC_WARN_UNDECLARED_SELECTOR = YES;
				GCC_WARN_UNINITIALIZED_AUTOS = YES_AGGRESSIVE;
				GCC_WARN_UNUSED_FUNCTION = YES;
				GCC_WARN_UNUSED_VARIABLE = YES;
				IPHONEOS_DEPLOYMENT_TARGET = 11.4;
				MTL_ENABLE_DEBUG_INFO = NO;
				SDKROOT = iphoneos;
				SWIFT_COMPILATION_MODE = wholemodule;
				SWIFT_OPTIMIZATION_LEVEL = "-O";
				VALIDATE_PRODUCT = YES;
			};
			name = Release;
		};
		AEB556612188C734003ACC90 /* Debug */ = {
			isa = XCBuildConfiguration;
			buildSettings = {
				ASSETCATALOG_COMPILER_APPICON_NAME = AppIcon;
				CODE_SIGN_STYLE = Automatic;
				INFOPLIST_FILE = alert/Info.plist;
				LD_RUNPATH_SEARCH_PATHS = (
					"$(inherited)",
					"@executable_path/Frameworks",
				);
				PRODUCT_BUNDLE_IDENTIFIER = ios.upm.es.alert;
				PRODUCT_NAME = "$(TARGET_NAME)";
				SWIFT_VERSION = 4.0;
				TARGETED_DEVICE_FAMILY = "1,2";
			};
			name = Debug;
		};
		AEB556622188C734003ACC90 /* Release */ = {
			isa = XCBuildConfiguration;
			buildSettings = {
				ASSETCATALOG_COMPILER_APPICON_NAME = AppIcon;
				CODE_SIGN_STYLE = Automatic;
				INFOPLIST_FILE = alert/Info.plist;
				LD_RUNPATH_SEARCH_PATHS = (
					"$(inherited)",
					"@executable_path/Frameworks",
				);
				PRODUCT_BUNDLE_IDENTIFIER = ios.upm.es.alert;
				PRODUCT_NAME = "$(TARGET_NAME)";
				SWIFT_VERSION = 4.0;
				TARGETED_DEVICE_FAMILY = "1,2";
			};
			name = Release;
		};
		AEB556642188C734003ACC90 /* Debug */ = {
			isa = XCBuildConfiguration;
			buildSettings = {
				ALWAYS_EMBED_SWIFT_STANDARD_LIBRARIES = YES;
				BUNDLE_LOADER = "$(TEST_HOST)";
				CODE_SIGN_STYLE = Automatic;
				INFOPLIST_FILE = alertTests/Info.plist;
				LD_RUNPATH_SEARCH_PATHS = (
					"$(inherited)",
					"@executable_path/Frameworks",
					"@loader_path/Frameworks",
				);
				PRODUCT_BUNDLE_IDENTIFIER = ios.upm.es.alertTests;
				PRODUCT_NAME = "$(TARGET_NAME)";
				SWIFT_VERSION = 4.0;
				TARGETED_DEVICE_FAMILY = "1,2";
				TEST_HOST = "$(BUILT_PRODUCTS_DIR)/alert.app/alert";
			};
			name = Debug;
		};
		AEB556652188C734003ACC90 /* Release */ = {
			isa = XCBuildConfiguration;
			buildSettings = {
				ALWAYS_EMBED_SWIFT_STANDARD_LIBRARIES = YES;
				BUNDLE_LOADER = "$(TEST_HOST)";
				CODE_SIGN_STYLE = Automatic;
				INFOPLIST_FILE = alertTests/Info.plist;
				LD_RUNPATH_SEARCH_PATHS = (
					"$(inherited)",
					"@executable_path/Frameworks",
					"@loader_path/Frameworks",
				);
				PRODUCT_BUNDLE_IDENTIFIER = ios.upm.es.alertTests;
				PRODUCT_NAME = "$(TARGET_NAME)";
				SWIFT_VERSION = 4.0;
				TARGETED_DEVICE_FAMILY = "1,2";
				TEST_HOST = "$(BUILT_PRODUCTS_DIR)/alert.app/alert";
			};
			name = Release;
		};
		AEB556672188C734003ACC90 /* Debug */ = {
			isa = XCBuildConfiguration;
			buildSettings = {
				ALWAYS_EMBED_SWIFT_STANDARD_LIBRARIES = YES;
				CODE_SIGN_STYLE = Automatic;
				INFOPLIST_FILE = alertUITests/Info.plist;
				LD_RUNPATH_SEARCH_PATHS = (
					"$(inherited)",
					"@executable_path/Frameworks",
					"@loader_path/Frameworks",
				);
				PRODUCT_BUNDLE_IDENTIFIER = ios.upm.es.alertUITests;
				PRODUCT_NAME = "$(TARGET_NAME)";
				SWIFT_VERSION = 4.0;
				TARGETED_DEVICE_FAMILY = "1,2";
				TEST_TARGET_NAME = alert;
			};
			name = Debug;
		};
		AEB556682188C734003ACC90 /* Release */ = {
			isa = XCBuildConfiguration;
			buildSettings = {
				ALWAYS_EMBED_SWIFT_STANDARD_LIBRARIES = YES;
				CODE_SIGN_STYLE = Automatic;
				INFOPLIST_FILE = alertUITests/Info.plist;
				LD_RUNPATH_SEARCH_PATHS = (
					"$(inherited)",
					"@executable_path/Frameworks",
					"@loader_path/Frameworks",
				);
				PRODUCT_BUNDLE_IDENTIFIER = ios.upm.es.alertUITests;
				PRODUCT_NAME = "$(TARGET_NAME)";
				SWIFT_VERSION = 4.0;
				TARGETED_DEVICE_FAMILY = "1,2";
				TEST_TARGET_NAME = alert;
			};
			name = Release;
		};
/* End XCBuildConfiguration section */

/* Begin XCConfigurationList section */
		AEB556332188C732003ACC90 /* Build configuration list for PBXProject "alert" */ = {
			isa = XCConfigurationList;
			buildConfigurations = (
				AEB5565E2188C734003ACC90 /* Debug */,
				AEB5565F2188C734003ACC90 /* Release */,
			);
			defaultConfigurationIsVisible = 0;
			defaultConfigurationName = Release;
		};
		AEB556602188C734003ACC90 /* Build configuration list for PBXNativeTarget "alert" */ = {
			isa = XCConfigurationList;
			buildConfigurations = (
				AEB556612188C734003ACC90 /* Debug */,
				AEB556622188C734003ACC90 /* Release */,
			);
			defaultConfigurationIsVisible = 0;
			defaultConfigurationName = Release;
		};
		AEB556632188C734003ACC90 /* Build configuration list for PBXNativeTarget "alertTests" */ = {
			isa = XCConfigurationList;
			buildConfigurations = (
				AEB556642188C734003ACC90 /* Debug */,
				AEB556652188C734003ACC90 /* Release */,
			);
			defaultConfigurationIsVisible = 0;
			defaultConfigurationName = Release;
		};
		AEB556662188C734003ACC90 /* Build configuration list for PBXNativeTarget "alertUITests" */ = {
			isa = XCConfigurationList;
			buildConfigurations = (
				AEB556672188C734003ACC90 /* Debug */,
				AEB556682188C734003ACC90 /* Release */,
			);
			defaultConfigurationIsVisible = 0;
			defaultConfigurationName = Release;
		};
/* End XCConfigurationList section */
	};
	rootObject = AEB556302188C732003ACC90 /* Project object */;
}
