// !$*UTF8*$!
{
	archiveVersion = 1;
	classes = {
	};
	objectVersion = 50;
	objects = {

/* Begin PBXBuildFile section */
		817AB9B921C89057002DDA70 /* AppDelegate.swift in Sources */ = {isa = PBXBuildFile; fileRef = 817AB9B821C89057002DDA70 /* AppDelegate.swift */; };
		817AB9BB21C89057002DDA70 /* ViewController.swift in Sources */ = {isa = PBXBuildFile; fileRef = 817AB9BA21C89057002DDA70 /* ViewController.swift */; };
		817AB9BE21C89057002DDA70 /* Main.storyboard in Resources */ = {isa = PBXBuildFile; fileRef = 817AB9BC21C89057002DDA70 /* Main.storyboard */; };
		817AB9C021C8905C002DDA70 /* Assets.xcassets in Resources */ = {isa = PBXBuildFile; fileRef = 817AB9BF21C8905C002DDA70 /* Assets.xcassets */; };
		817AB9C321C8905C002DDA70 /* LaunchScreen.storyboard in Resources */ = {isa = PBXBuildFile; fileRef = 817AB9C121C8905C002DDA70 /* LaunchScreen.storyboard */; };
		817AB9CE21C8905C002DDA70 /* practicaFrameworkTests.swift in Sources */ = {isa = PBXBuildFile; fileRef = 817AB9CD21C8905C002DDA70 /* practicaFrameworkTests.swift */; };
		817AB9D921C8905C002DDA70 /* practicaFrameworkUITests.swift in Sources */ = {isa = PBXBuildFile; fileRef = 817AB9D821C8905C002DDA70 /* practicaFrameworkUITests.swift */; };
/* End PBXBuildFile section */

/* Begin PBXContainerItemProxy section */
		817AB9CA21C8905C002DDA70 /* PBXContainerItemProxy */ = {
			isa = PBXContainerItemProxy;
			containerPortal = 817AB9AD21C89057002DDA70 /* Project object */;
			proxyType = 1;
			remoteGlobalIDString = 817AB9B421C89057002DDA70;
			remoteInfo = practicaFramework;
		};
		817AB9D521C8905C002DDA70 /* PBXContainerItemProxy */ = {
			isa = PBXContainerItemProxy;
			containerPortal = 817AB9AD21C89057002DDA70 /* Project object */;
			proxyType = 1;
			remoteGlobalIDString = 817AB9B421C89057002DDA70;
			remoteInfo = practicaFramework;
		};
/* End PBXContainerItemProxy section */

/* Begin PBXFileReference section */
		817AB9B521C89057002DDA70 /* practicaFramework.app */ = {isa = PBXFileReference; explicitFileType = wrapper.application; includeInIndex = 0; path = practicaFramework.app; sourceTree = BUILT_PRODUCTS_DIR; };
		817AB9B821C89057002DDA70 /* AppDelegate.swift */ = {isa = PBXFileReference; lastKnownFileType = sourcecode.swift; path = AppDelegate.swift; sourceTree = "<group>"; };
		817AB9BA21C89057002DDA70 /* ViewController.swift */ = {isa = PBXFileReference; lastKnownFileType = sourcecode.swift; path = ViewController.swift; sourceTree = "<group>"; };
		817AB9BD21C89057002DDA70 /* Base */ = {isa = PBXFileReference; lastKnownFileType = file.storyboard; name = Base; path = Base.lproj/Main.storyboard; sourceTree = "<group>"; };
		817AB9BF21C8905C002DDA70 /* Assets.xcassets */ = {isa = PBXFileReference; lastKnownFileType = folder.assetcatalog; path = Assets.xcassets; sourceTree = "<group>"; };
		817AB9C221C8905C002DDA70 /* Base */ = {isa = PBXFileReference; lastKnownFileType = file.storyboard; name = Base; path = Base.lproj/LaunchScreen.storyboard; sourceTree = "<group>"; };
		817AB9C421C8905C002DDA70 /* Info.plist */ = {isa = PBXFileReference; lastKnownFileType = text.plist.xml; path = Info.plist; sourceTree = "<group>"; };
		817AB9C921C8905C002DDA70 /* practicaFrameworkTests.xctest */ = {isa = PBXFileReference; explicitFileType = wrapper.cfbundle; includeInIndex = 0; path = practicaFrameworkTests.xctest; sourceTree = BUILT_PRODUCTS_DIR; };
		817AB9CD21C8905C002DDA70 /* practicaFrameworkTests.swift */ = {isa = PBXFileReference; lastKnownFileType = sourcecode.swift; path = practicaFrameworkTests.swift; sourceTree = "<group>"; };
		817AB9CF21C8905C002DDA70 /* Info.plist */ = {isa = PBXFileReference; lastKnownFileType = text.plist.xml; path = Info.plist; sourceTree = "<group>"; };
		817AB9D421C8905C002DDA70 /* practicaFrameworkUITests.xctest */ = {isa = PBXFileReference; explicitFileType = wrapper.cfbundle; includeInIndex = 0; path = practicaFrameworkUITests.xctest; sourceTree = BUILT_PRODUCTS_DIR; };
		817AB9D821C8905C002DDA70 /* practicaFrameworkUITests.swift */ = {isa = PBXFileReference; lastKnownFileType = sourcecode.swift; path = practicaFrameworkUITests.swift; sourceTree = "<group>"; };
		817AB9DA21C8905C002DDA70 /* Info.plist */ = {isa = PBXFileReference; lastKnownFileType = text.plist.xml; path = Info.plist; sourceTree = "<group>"; };
/* End PBXFileReference section */

/* Begin PBXFrameworksBuildPhase section */
		817AB9B221C89057002DDA70 /* Frameworks */ = {
			isa = PBXFrameworksBuildPhase;
			buildActionMask = 2147483647;
			files = (
			);
			runOnlyForDeploymentPostprocessing = 0;
		};
		817AB9C621C8905C002DDA70 /* Frameworks */ = {
			isa = PBXFrameworksBuildPhase;
			buildActionMask = 2147483647;
			files = (
			);
			runOnlyForDeploymentPostprocessing = 0;
		};
		817AB9D121C8905C002DDA70 /* Frameworks */ = {
			isa = PBXFrameworksBuildPhase;
			buildActionMask = 2147483647;
			files = (
			);
			runOnlyForDeploymentPostprocessing = 0;
		};
/* End PBXFrameworksBuildPhase section */

/* Begin PBXGroup section */
		817AB9AC21C89057002DDA70 = {
			isa = PBXGroup;
			children = (
				817AB9B721C89057002DDA70 /* practicaFramework */,
				817AB9CC21C8905C002DDA70 /* practicaFrameworkTests */,
				817AB9D721C8905C002DDA70 /* practicaFrameworkUITests */,
				817AB9B621C89057002DDA70 /* Products */,
			);
			sourceTree = "<group>";
		};
		817AB9B621C89057002DDA70 /* Products */ = {
			isa = PBXGroup;
			children = (
				817AB9B521C89057002DDA70 /* practicaFramework.app */,
				817AB9C921C8905C002DDA70 /* practicaFrameworkTests.xctest */,
				817AB9D421C8905C002DDA70 /* practicaFrameworkUITests.xctest */,
			);
			name = Products;
			sourceTree = "<group>";
		};
		817AB9B721C89057002DDA70 /* practicaFramework */ = {
			isa = PBXGroup;
			children = (
				817AB9B821C89057002DDA70 /* AppDelegate.swift */,
				817AB9BA21C89057002DDA70 /* ViewController.swift */,
				817AB9BC21C89057002DDA70 /* Main.storyboard */,
				817AB9BF21C8905C002DDA70 /* Assets.xcassets */,
				817AB9C121C8905C002DDA70 /* LaunchScreen.storyboard */,
				817AB9C421C8905C002DDA70 /* Info.plist */,
			);
			path = practicaFramework;
			sourceTree = "<group>";
		};
		817AB9CC21C8905C002DDA70 /* practicaFrameworkTests */ = {
			isa = PBXGroup;
			children = (
				817AB9CD21C8905C002DDA70 /* practicaFrameworkTests.swift */,
				817AB9CF21C8905C002DDA70 /* Info.plist */,
			);
			path = practicaFrameworkTests;
			sourceTree = "<group>";
		};
		817AB9D721C8905C002DDA70 /* practicaFrameworkUITests */ = {
			isa = PBXGroup;
			children = (
				817AB9D821C8905C002DDA70 /* practicaFrameworkUITests.swift */,
				817AB9DA21C8905C002DDA70 /* Info.plist */,
			);
			path = practicaFrameworkUITests;
			sourceTree = "<group>";
		};
/* End PBXGroup section */

/* Begin PBXNativeTarget section */
		817AB9B421C89057002DDA70 /* practicaFramework */ = {
			isa = PBXNativeTarget;
			buildConfigurationList = 817AB9DD21C8905C002DDA70 /* Build configuration list for PBXNativeTarget "practicaFramework" */;
			buildPhases = (
				817AB9B121C89057002DDA70 /* Sources */,
				817AB9B221C89057002DDA70 /* Frameworks */,
				817AB9B321C89057002DDA70 /* Resources */,
			);
			buildRules = (
			);
			dependencies = (
			);
			name = practicaFramework;
			productName = practicaFramework;
			productReference = 817AB9B521C89057002DDA70 /* practicaFramework.app */;
			productType = "com.apple.product-type.application";
		};
		817AB9C821C8905C002DDA70 /* practicaFrameworkTests */ = {
			isa = PBXNativeTarget;
			buildConfigurationList = 817AB9E021C8905C002DDA70 /* Build configuration list for PBXNativeTarget "practicaFrameworkTests" */;
			buildPhases = (
				817AB9C521C8905C002DDA70 /* Sources */,
				817AB9C621C8905C002DDA70 /* Frameworks */,
				817AB9C721C8905C002DDA70 /* Resources */,
			);
			buildRules = (
			);
			dependencies = (
				817AB9CB21C8905C002DDA70 /* PBXTargetDependency */,
			);
			name = practicaFrameworkTests;
			productName = practicaFrameworkTests;
			productReference = 817AB9C921C8905C002DDA70 /* practicaFrameworkTests.xctest */;
			productType = "com.apple.product-type.bundle.unit-test";
		};
		817AB9D321C8905C002DDA70 /* practicaFrameworkUITests */ = {
			isa = PBXNativeTarget;
			buildConfigurationList = 817AB9E321C8905C002DDA70 /* Build configuration list for PBXNativeTarget "practicaFrameworkUITests" */;
			buildPhases = (
				817AB9D021C8905C002DDA70 /* Sources */,
				817AB9D121C8905C002DDA70 /* Frameworks */,
				817AB9D221C8905C002DDA70 /* Resources */,
			);
			buildRules = (
			);
			dependencies = (
				817AB9D621C8905C002DDA70 /* PBXTargetDependency */,
			);
			name = practicaFrameworkUITests;
			productName = practicaFrameworkUITests;
			productReference = 817AB9D421C8905C002DDA70 /* practicaFrameworkUITests.xctest */;
			productType = "com.apple.product-type.bundle.ui-testing";
		};
/* End PBXNativeTarget section */

/* Begin PBXProject section */
		817AB9AD21C89057002DDA70 /* Project object */ = {
			isa = PBXProject;
			attributes = {
				LastSwiftUpdateCheck = 1000;
				LastUpgradeCheck = 1000;
				ORGANIZATIONNAME = "Ronald Ajila";
				TargetAttributes = {
					817AB9B421C89057002DDA70 = {
						CreatedOnToolsVersion = 10.0;
					};
					817AB9C821C8905C002DDA70 = {
						CreatedOnToolsVersion = 10.0;
						TestTargetID = 817AB9B421C89057002DDA70;
					};
					817AB9D321C8905C002DDA70 = {
						CreatedOnToolsVersion = 10.0;
						TestTargetID = 817AB9B421C89057002DDA70;
					};
				};
			};
			buildConfigurationList = 817AB9B021C89057002DDA70 /* Build configuration list for PBXProject "practicaFramework" */;
			compatibilityVersion = "Xcode 9.3";
			developmentRegion = en;
			hasScannedForEncodings = 0;
			knownRegions = (
				en,
				Base,
			);
			mainGroup = 817AB9AC21C89057002DDA70;
			productRefGroup = 817AB9B621C89057002DDA70 /* Products */;
			projectDirPath = "";
			projectRoot = "";
			targets = (
				817AB9B421C89057002DDA70 /* practicaFramework */,
				817AB9C821C8905C002DDA70 /* practicaFrameworkTests */,
				817AB9D321C8905C002DDA70 /* practicaFrameworkUITests */,
			);
		};
/* End PBXProject section */

/* Begin PBXResourcesBuildPhase section */
		817AB9B321C89057002DDA70 /* Resources */ = {
			isa = PBXResourcesBuildPhase;
			buildActionMask = 2147483647;
			files = (
				817AB9C321C8905C002DDA70 /* LaunchScreen.storyboard in Resources */,
				817AB9C021C8905C002DDA70 /* Assets.xcassets in Resources */,
				817AB9BE21C89057002DDA70 /* Main.storyboard in Resources */,
			);
			runOnlyForDeploymentPostprocessing = 0;
		};
		817AB9C721C8905C002DDA70 /* Resources */ = {
			isa = PBXResourcesBuildPhase;
			buildActionMask = 2147483647;
			files = (
			);
			runOnlyForDeploymentPostprocessing = 0;
		};
		817AB9D221C8905C002DDA70 /* Resources */ = {
			isa = PBXResourcesBuildPhase;
			buildActionMask = 2147483647;
			files = (
			);
			runOnlyForDeploymentPostprocessing = 0;
		};
/* End PBXResourcesBuildPhase section */

/* Begin PBXSourcesBuildPhase section */
		817AB9B121C89057002DDA70 /* Sources */ = {
			isa = PBXSourcesBuildPhase;
			buildActionMask = 2147483647;
			files = (
				817AB9BB21C89057002DDA70 /* ViewController.swift in Sources */,
				817AB9B921C89057002DDA70 /* AppDelegate.swift in Sources */,
			);
			runOnlyForDeploymentPostprocessing = 0;
		};
		817AB9C521C8905C002DDA70 /* Sources */ = {
			isa = PBXSourcesBuildPhase;
			buildActionMask = 2147483647;
			files = (
				817AB9CE21C8905C002DDA70 /* practicaFrameworkTests.swift in Sources */,
			);
			runOnlyForDeploymentPostprocessing = 0;
		};
		817AB9D021C8905C002DDA70 /* Sources */ = {
			isa = PBXSourcesBuildPhase;
			buildActionMask = 2147483647;
			files = (
				817AB9D921C8905C002DDA70 /* practicaFrameworkUITests.swift in Sources */,
			);
			runOnlyForDeploymentPostprocessing = 0;
		};
/* End PBXSourcesBuildPhase section */

/* Begin PBXTargetDependency section */
		817AB9CB21C8905C002DDA70 /* PBXTargetDependency */ = {
			isa = PBXTargetDependency;
			target = 817AB9B421C89057002DDA70 /* practicaFramework */;
			targetProxy = 817AB9CA21C8905C002DDA70 /* PBXContainerItemProxy */;
		};
		817AB9D621C8905C002DDA70 /* PBXTargetDependency */ = {
			isa = PBXTargetDependency;
			target = 817AB9B421C89057002DDA70 /* practicaFramework */;
			targetProxy = 817AB9D521C8905C002DDA70 /* PBXContainerItemProxy */;
		};
/* End PBXTargetDependency section */

/* Begin PBXVariantGroup section */
		817AB9BC21C89057002DDA70 /* Main.storyboard */ = {
			isa = PBXVariantGroup;
			children = (
				817AB9BD21C89057002DDA70 /* Base */,
			);
			name = Main.storyboard;
			sourceTree = "<group>";
		};
		817AB9C121C8905C002DDA70 /* LaunchScreen.storyboard */ = {
			isa = PBXVariantGroup;
			children = (
				817AB9C221C8905C002DDA70 /* Base */,
			);
			name = LaunchScreen.storyboard;
			sourceTree = "<group>";
		};
/* End PBXVariantGroup section */

/* Begin XCBuildConfiguration section */
		817AB9DB21C8905C002DDA70 /* Debug */ = {
			isa = XCBuildConfiguration;
			buildSettings = {
				ALWAYS_SEARCH_USER_PATHS = NO;
				CLANG_ANALYZER_NONNULL = YES;
				CLANG_ANALYZER_NUMBER_OBJECT_CONVERSION = YES_AGGRESSIVE;
				CLANG_CXX_LANGUAGE_STANDARD = "gnu++14";
				CLANG_CXX_LIBRARY = "libc++";
				CLANG_ENABLE_MODULES = YES;
				CLANG_ENABLE_OBJC_ARC = YES;
				CLANG_ENABLE_OBJC_WEAK = YES;
				CLANG_WARN_BLOCK_CAPTURE_AUTORELEASING = YES;
				CLANG_WARN_BOOL_CONVERSION = YES;
				CLANG_WARN_COMMA = YES;
				CLANG_WARN_CONSTANT_CONVERSION = YES;
				CLANG_WARN_DEPRECATED_OBJC_IMPLEMENTATIONS = YES;
				CLANG_WARN_DIRECT_OBJC_ISA_USAGE = YES_ERROR;
				CLANG_WARN_DOCUMENTATION_COMMENTS = YES;
				CLANG_WARN_EMPTY_BODY = YES;
				CLANG_WARN_ENUM_CONVERSION = YES;
				CLANG_WARN_INFINITE_RECURSION = YES;
				CLANG_WARN_INT_CONVERSION = YES;
				CLANG_WARN_NON_LITERAL_NULL_CONVERSION = YES;
				CLANG_WARN_OBJC_IMPLICIT_RETAIN_SELF = YES;
				CLANG_WARN_OBJC_LITERAL_CONVERSION = YES;
				CLANG_WARN_OBJC_ROOT_CLASS = YES_ERROR;
				CLANG_WARN_RANGE_LOOP_ANALYSIS = YES;
				CLANG_WARN_STRICT_PROTOTYPES = YES;
				CLANG_WARN_SUSPICIOUS_MOVE = YES;
				CLANG_WARN_UNGUARDED_AVAILABILITY = YES_AGGRESSIVE;
				CLANG_WARN_UNREACHABLE_CODE = YES;
				CLANG_WARN__DUPLICATE_METHOD_MATCH = YES;
				CODE_SIGN_IDENTITY = "iPhone Developer";
				COPY_PHASE_STRIP = NO;
				DEBUG_INFORMATION_FORMAT = dwarf;
				ENABLE_STRICT_OBJC_MSGSEND = YES;
				ENABLE_TESTABILITY = YES;
				GCC_C_LANGUAGE_STANDARD = gnu11;
				GCC_DYNAMIC_NO_PIC = NO;
				GCC_NO_COMMON_BLOCKS = YES;
				GCC_OPTIMIZATION_LEVEL = 0;
				GCC_PREPROCESSOR_DEFINITIONS = (
					"DEBUG=1",
					"$(inherited)",
				);
				GCC_WARN_64_TO_32_BIT_CONVERSION = YES;
				GCC_WARN_ABOUT_RETURN_TYPE = YES_ERROR;
				GCC_WARN_UNDECLARED_SELECTOR = YES;
				GCC_WARN_UNINITIALIZED_AUTOS = YES_AGGRESSIVE;
				GCC_WARN_UNUSED_FUNCTION = YES;
				GCC_WARN_UNUSED_VARIABLE = YES;
				IPHONEOS_DEPLOYMENT_TARGET = 12.0;
				MTL_ENABLE_DEBUG_INFO = INCLUDE_SOURCE;
				MTL_FAST_MATH = YES;
				ONLY_ACTIVE_ARCH = YES;
				SDKROOT = iphoneos;
				SWIFT_ACTIVE_COMPILATION_CONDITIONS = DEBUG;
				SWIFT_OPTIMIZATION_LEVEL = "-Onone";
			};
			name = Debug;
		};
		817AB9DC21C8905C002DDA70 /* Release */ = {
			isa = XCBuildConfiguration;
			buildSettings = {
				ALWAYS_SEARCH_USER_PATHS = NO;
				CLANG_ANALYZER_NONNULL = YES;
				CLANG_ANALYZER_NUMBER_OBJECT_CONVERSION = YES_AGGRESSIVE;
				CLANG_CXX_LANGUAGE_STANDARD = "gnu++14";
				CLANG_CXX_LIBRARY = "libc++";
				CLANG_ENABLE_MODULES = YES;
				CLANG_ENABLE_OBJC_ARC = YES;
				CLANG_ENABLE_OBJC_WEAK = YES;
				CLANG_WARN_BLOCK_CAPTURE_AUTORELEASING = YES;
				CLANG_WARN_BOOL_CONVERSION = YES;
				CLANG_WARN_COMMA = YES;
				CLANG_WARN_CONSTANT_CONVERSION = YES;
				CLANG_WARN_DEPRECATED_OBJC_IMPLEMENTATIONS = YES;
				CLANG_WARN_DIRECT_OBJC_ISA_USAGE = YES_ERROR;
				CLANG_WARN_DOCUMENTATION_COMMENTS = YES;
				CLANG_WARN_EMPTY_BODY = YES;
				CLANG_WARN_ENUM_CONVERSION = YES;
				CLANG_WARN_INFINITE_RECURSION = YES;
				CLANG_WARN_INT_CONVERSION = YES;
				CLANG_WARN_NON_LITERAL_NULL_CONVERSION = YES;
				CLANG_WARN_OBJC_IMPLICIT_RETAIN_SELF = YES;
				CLANG_WARN_OBJC_LITERAL_CONVERSION = YES;
				CLANG_WARN_OBJC_ROOT_CLASS = YES_ERROR;
				CLANG_WARN_RANGE_LOOP_ANALYSIS = YES;
				CLANG_WARN_STRICT_PROTOTYPES = YES;
				CLANG_WARN_SUSPICIOUS_MOVE = YES;
				CLANG_WARN_UNGUARDED_AVAILABILITY = YES_AGGRESSIVE;
				CLANG_WARN_UNREACHABLE_CODE = YES;
				CLANG_WARN__DUPLICATE_METHOD_MATCH = YES;
				CODE_SIGN_IDENTITY = "iPhone Developer";
				COPY_PHASE_STRIP = NO;
				DEBUG_INFORMATION_FORMAT = "dwarf-with-dsym";
				ENABLE_NS_ASSERTIONS = NO;
				ENABLE_STRICT_OBJC_MSGSEND = YES;
				GCC_C_LANGUAGE_STANDARD = gnu11;
				GCC_NO_COMMON_BLOCKS = YES;
				GCC_WARN_64_TO_32_BIT_CONVERSION = YES;
				GCC_WARN_ABOUT_RETURN_TYPE = YES_ERROR;
				GCC_WARN_UNDECLARED_SELECTOR = YES;
				GCC_WARN_UNINITIALIZED_AUTOS = YES_AGGRESSIVE;
				GCC_WARN_UNUSED_FUNCTION = YES;
				GCC_WARN_UNUSED_VARIABLE = YES;
				IPHONEOS_DEPLOYMENT_TARGET = 12.0;
				MTL_ENABLE_DEBUG_INFO = NO;
				MTL_FAST_MATH = YES;
				SDKROOT = iphoneos;
				SWIFT_COMPILATION_MODE = wholemodule;
				SWIFT_OPTIMIZATION_LEVEL = "-O";
				VALIDATE_PRODUCT = YES;
			};
			name = Release;
		};
		817AB9DE21C8905C002DDA70 /* Debug */ = {
			isa = XCBuildConfiguration;
			buildSettings = {
				ASSETCATALOG_COMPILER_APPICON_NAME = AppIcon;
				CODE_SIGN_STYLE = Automatic;
				INFOPLIST_FILE = practicaFramework/Info.plist;
				LD_RUNPATH_SEARCH_PATHS = (
					"$(inherited)",
					"@executable_path/Frameworks",
				);
				PRODUCT_BUNDLE_IDENTIFIER = rdajila.practicaFramework;
				PRODUCT_NAME = "$(TARGET_NAME)";
				SWIFT_VERSION = 4.2;
				TARGETED_DEVICE_FAMILY = "1,2";
			};
			name = Debug;
		};
		817AB9DF21C8905C002DDA70 /* Release */ = {
			isa = XCBuildConfiguration;
			buildSettings = {
				ASSETCATALOG_COMPILER_APPICON_NAME = AppIcon;
				CODE_SIGN_STYLE = Automatic;
				INFOPLIST_FILE = practicaFramework/Info.plist;
				LD_RUNPATH_SEARCH_PATHS = (
					"$(inherited)",
					"@executable_path/Frameworks",
				);
				PRODUCT_BUNDLE_IDENTIFIER = rdajila.practicaFramework;
				PRODUCT_NAME = "$(TARGET_NAME)";
				SWIFT_VERSION = 4.2;
				TARGETED_DEVICE_FAMILY = "1,2";
			};
			name = Release;
		};
		817AB9E121C8905C002DDA70 /* Debug */ = {
			isa = XCBuildConfiguration;
			buildSettings = {
				ALWAYS_EMBED_SWIFT_STANDARD_LIBRARIES = YES;
				BUNDLE_LOADER = "$(TEST_HOST)";
				CODE_SIGN_STYLE = Automatic;
				INFOPLIST_FILE = practicaFrameworkTests/Info.plist;
				LD_RUNPATH_SEARCH_PATHS = (
					"$(inherited)",
					"@executable_path/Frameworks",
					"@loader_path/Frameworks",
				);
				PRODUCT_BUNDLE_IDENTIFIER = rdajila.practicaFrameworkTests;
				PRODUCT_NAME = "$(TARGET_NAME)";
				SWIFT_VERSION = 4.2;
				TARGETED_DEVICE_FAMILY = "1,2";
				TEST_HOST = "$(BUILT_PRODUCTS_DIR)/practicaFramework.app/practicaFramework";
			};
			name = Debug;
		};
		817AB9E221C8905C002DDA70 /* Release */ = {
			isa = XCBuildConfiguration;
			buildSettings = {
				ALWAYS_EMBED_SWIFT_STANDARD_LIBRARIES = YES;
				BUNDLE_LOADER = "$(TEST_HOST)";
				CODE_SIGN_STYLE = Automatic;
				INFOPLIST_FILE = practicaFrameworkTests/Info.plist;
				LD_RUNPATH_SEARCH_PATHS = (
					"$(inherited)",
					"@executable_path/Frameworks",
					"@loader_path/Frameworks",
				);
				PRODUCT_BUNDLE_IDENTIFIER = rdajila.practicaFrameworkTests;
				PRODUCT_NAME = "$(TARGET_NAME)";
				SWIFT_VERSION = 4.2;
				TARGETED_DEVICE_FAMILY = "1,2";
				TEST_HOST = "$(BUILT_PRODUCTS_DIR)/practicaFramework.app/practicaFramework";
			};
			name = Release;
		};
		817AB9E421C8905C002DDA70 /* Debug */ = {
			isa = XCBuildConfiguration;
			buildSettings = {
				ALWAYS_EMBED_SWIFT_STANDARD_LIBRARIES = YES;
				CODE_SIGN_STYLE = Automatic;
				INFOPLIST_FILE = practicaFrameworkUITests/Info.plist;
				LD_RUNPATH_SEARCH_PATHS = (
					"$(inherited)",
					"@executable_path/Frameworks",
					"@loader_path/Frameworks",
				);
				PRODUCT_BUNDLE_IDENTIFIER = rdajila.practicaFrameworkUITests;
				PRODUCT_NAME = "$(TARGET_NAME)";
				SWIFT_VERSION = 4.2;
				TARGETED_DEVICE_FAMILY = "1,2";
				TEST_TARGET_NAME = practicaFramework;
			};
			name = Debug;
		};
		817AB9E521C8905C002DDA70 /* Release */ = {
			isa = XCBuildConfiguration;
			buildSettings = {
				ALWAYS_EMBED_SWIFT_STANDARD_LIBRARIES = YES;
				CODE_SIGN_STYLE = Automatic;
				INFOPLIST_FILE = practicaFrameworkUITests/Info.plist;
				LD_RUNPATH_SEARCH_PATHS = (
					"$(inherited)",
					"@executable_path/Frameworks",
					"@loader_path/Frameworks",
				);
				PRODUCT_BUNDLE_IDENTIFIER = rdajila.practicaFrameworkUITests;
				PRODUCT_NAME = "$(TARGET_NAME)";
				SWIFT_VERSION = 4.2;
				TARGETED_DEVICE_FAMILY = "1,2";
				TEST_TARGET_NAME = practicaFramework;
			};
			name = Release;
		};
/* End XCBuildConfiguration section */

/* Begin XCConfigurationList section */
		817AB9B021C89057002DDA70 /* Build configuration list for PBXProject "practicaFramework" */ = {
			isa = XCConfigurationList;
			buildConfigurations = (
				817AB9DB21C8905C002DDA70 /* Debug */,
				817AB9DC21C8905C002DDA70 /* Release */,
			);
			defaultConfigurationIsVisible = 0;
			defaultConfigurationName = Release;
		};
		817AB9DD21C8905C002DDA70 /* Build configuration list for PBXNativeTarget "practicaFramework" */ = {
			isa = XCConfigurationList;
			buildConfigurations = (
				817AB9DE21C8905C002DDA70 /* Debug */,
				817AB9DF21C8905C002DDA70 /* Release */,
			);
			defaultConfigurationIsVisible = 0;
			defaultConfigurationName = Release;
		};
		817AB9E021C8905C002DDA70 /* Build configuration list for PBXNativeTarget "practicaFrameworkTests" */ = {
			isa = XCConfigurationList;
			buildConfigurations = (
				817AB9E121C8905C002DDA70 /* Debug */,
				817AB9E221C8905C002DDA70 /* Release */,
			);
			defaultConfigurationIsVisible = 0;
			defaultConfigurationName = Release;
		};
		817AB9E321C8905C002DDA70 /* Build configuration list for PBXNativeTarget "practicaFrameworkUITests" */ = {
			isa = XCConfigurationList;
			buildConfigurations = (
				817AB9E421C8905C002DDA70 /* Debug */,
				817AB9E521C8905C002DDA70 /* Release */,
			);
			defaultConfigurationIsVisible = 0;
			defaultConfigurationName = Release;
		};
/* End XCConfigurationList section */
	};
	rootObject = 817AB9AD21C89057002DDA70 /* Project object */;
}
